// !$*UTF8*$!
{
	archiveVersion = 1;
	classes = {
	};
	objectVersion = 46;
	objects = {

/* Begin PBXBuildFile section */
		4908E3521D49F03800558C9D /* SelectTypeView.swift in Sources */ = {isa = PBXBuildFile; fileRef = 4908E3511D49F03800558C9D /* SelectTypeView.swift */; };
		49196AAD1D3B10B90038E363 /* Params.swift in Sources */ = {isa = PBXBuildFile; fileRef = 49196AAC1D3B10B90038E363 /* Params.swift */; };
		4925B1CC1D36C095007E40B4 /* UploadReceiptView.swift in Sources */ = {isa = PBXBuildFile; fileRef = 4925B1CA1D36C095007E40B4 /* UploadReceiptView.swift */; };
		494C29731D3810FF00008D6A /* SettingsView.swift in Sources */ = {isa = PBXBuildFile; fileRef = 494C29721D3810FF00008D6A /* SettingsView.swift */; };
		494DE44E1D38535A001EA8C7 /* SelectPurposeView.swift in Sources */ = {isa = PBXBuildFile; fileRef = 494DE44D1D38535A001EA8C7 /* SelectPurposeView.swift */; };
		49DA21141D3517F1006FE98C /* AppDelegate.swift in Sources */ = {isa = PBXBuildFile; fileRef = 49DA21131D3517F1006FE98C /* AppDelegate.swift */; };
		49DA21191D3517F1006FE98C /* Main.storyboard in Resources */ = {isa = PBXBuildFile; fileRef = 49DA21171D3517F1006FE98C /* Main.storyboard */; };
		49DA211B1D3517F1006FE98C /* Assets.xcassets in Resources */ = {isa = PBXBuildFile; fileRef = 49DA211A1D3517F1006FE98C /* Assets.xcassets */; };
		49DA211E1D3517F1006FE98C /* LaunchScreen.storyboard in Resources */ = {isa = PBXBuildFile; fileRef = 49DA211C1D3517F1006FE98C /* LaunchScreen.storyboard */; };
		49DA21291D3517F1006FE98C /* BookkeepingTests.swift in Sources */ = {isa = PBXBuildFile; fileRef = 49DA21281D3517F1006FE98C /* BookkeepingTests.swift */; };
		49DA21341D3517F1006FE98C /* BookkeepingUITests.swift in Sources */ = {isa = PBXBuildFile; fileRef = 49DA21331D3517F1006FE98C /* BookkeepingUITests.swift */; };
		49DA21421D351841006FE98C /* LoginView.swift in Sources */ = {isa = PBXBuildFile; fileRef = 49DA21411D351841006FE98C /* LoginView.swift */; };
		9DCAAAF2FC54737A24278508 /* Pods_BookkeepingUITests.framework in Frameworks */ = {isa = PBXBuildFile; fileRef = B16696C7C29F3BBE1C0C29D5 /* Pods_BookkeepingUITests.framework */; };
		C643C56B84210135B3B9FE3F /* Pods_Bookkeeping.framework in Frameworks */ = {isa = PBXBuildFile; fileRef = CADB4A1F5A20916D8A526531 /* Pods_Bookkeeping.framework */; settings = {ATTRIBUTES = (Required, ); }; };
		F35C4C1527E6B80D90F849B8 /* Pods_BookkeepingTests.framework in Frameworks */ = {isa = PBXBuildFile; fileRef = 77ABA61A5FA828B3471717E4 /* Pods_BookkeepingTests.framework */; };
/* End PBXBuildFile section */

/* Begin PBXContainerItemProxy section */
		49DA21251D3517F1006FE98C /* PBXContainerItemProxy */ = {
			isa = PBXContainerItemProxy;
			containerPortal = 49DA21081D3517F1006FE98C /* Project object */;
			proxyType = 1;
			remoteGlobalIDString = 49DA210F1D3517F1006FE98C;
			remoteInfo = Bookkeeping;
		};
		49DA21301D3517F1006FE98C /* PBXContainerItemProxy */ = {
			isa = PBXContainerItemProxy;
			containerPortal = 49DA21081D3517F1006FE98C /* Project object */;
			proxyType = 1;
			remoteGlobalIDString = 49DA210F1D3517F1006FE98C;
			remoteInfo = Bookkeeping;
		};
/* End PBXContainerItemProxy section */

/* Begin PBXFileReference section */
		0B00944B4B85899AB765E80F /* Pods-BookkeepingTests.release.xcconfig */ = {isa = PBXFileReference; includeInIndex = 1; lastKnownFileType = text.xcconfig; name = "Pods-BookkeepingTests.release.xcconfig"; path = "Pods/Target Support Files/Pods-BookkeepingTests/Pods-BookkeepingTests.release.xcconfig"; sourceTree = "<group>"; };
		40AB936FB4A0962A68A876E2 /* Pods-BookkeepingUITests.release.xcconfig */ = {isa = PBXFileReference; includeInIndex = 1; lastKnownFileType = text.xcconfig; name = "Pods-BookkeepingUITests.release.xcconfig"; path = "Pods/Target Support Files/Pods-BookkeepingUITests/Pods-BookkeepingUITests.release.xcconfig"; sourceTree = "<group>"; };
		4908E3511D49F03800558C9D /* SelectTypeView.swift */ = {isa = PBXFileReference; fileEncoding = 4; lastKnownFileType = sourcecode.swift; path = SelectTypeView.swift; sourceTree = "<group>"; };
		49196AAC1D3B10B90038E363 /* Params.swift */ = {isa = PBXFileReference; fileEncoding = 4; lastKnownFileType = sourcecode.swift; path = Params.swift; sourceTree = "<group>"; };
		491AA3DD1D42D003000470F9 /* SwiftHTTP.framework */ = {isa = PBXFileReference; lastKnownFileType = wrapper.framework; name = SwiftHTTP.framework; path = "Pods/../build/Release-iphoneos/SwiftHTTP/SwiftHTTP.framework"; sourceTree = "<group>"; };
		491AA3DF1D42D009000470F9 /* JSONJoy.framework */ = {isa = PBXFileReference; lastKnownFileType = wrapper.framework; name = JSONJoy.framework; path = "../../../../../Library/Developer/Xcode/DerivedData/Bookkeeping-fhplacujbaftmqgtjhqfevgmlljc/Build/Products/Debug-iphonesimulator/JSONJoy-Swift/JSONJoy.framework"; sourceTree = "<group>"; };
		4925B1CA1D36C095007E40B4 /* UploadReceiptView.swift */ = {isa = PBXFileReference; fileEncoding = 4; lastKnownFileType = sourcecode.swift; path = UploadReceiptView.swift; sourceTree = "<group>"; };
		494C29721D3810FF00008D6A /* SettingsView.swift */ = {isa = PBXFileReference; fileEncoding = 4; lastKnownFileType = sourcecode.swift; path = SettingsView.swift; sourceTree = "<group>"; };
		494DE44D1D38535A001EA8C7 /* SelectPurposeView.swift */ = {isa = PBXFileReference; fileEncoding = 4; lastKnownFileType = sourcecode.swift; path = SelectPurposeView.swift; sourceTree = "<group>"; };
		497B93E51D399312000F1A51 /* Bookkeeping-Bridging-Header.h */ = {isa = PBXFileReference; lastKnownFileType = sourcecode.c.h; path = "Bookkeeping-Bridging-Header.h"; sourceTree = "<group>"; };
		49BC309C1D3EA78E000EDAD1 /* SwiftHTTP.framework */ = {isa = PBXFileReference; lastKnownFileType = wrapper.framework; name = SwiftHTTP.framework; path = "../../../../../Library/Developer/Xcode/DerivedData/Bookkeeping-fhplacujbaftmqgtjhqfevgmlljc/Build/Products/Debug-iphonesimulator/SwiftHTTP/SwiftHTTP.framework"; sourceTree = "<group>"; };
		49DA21101D3517F1006FE98C /* Bookkeeping.app */ = {isa = PBXFileReference; explicitFileType = wrapper.application; includeInIndex = 0; path = Bookkeeping.app; sourceTree = BUILT_PRODUCTS_DIR; };
		49DA21131D3517F1006FE98C /* AppDelegate.swift */ = {isa = PBXFileReference; lastKnownFileType = sourcecode.swift; path = AppDelegate.swift; sourceTree = "<group>"; };
		49DA21181D3517F1006FE98C /* Base */ = {isa = PBXFileReference; lastKnownFileType = file.storyboard; name = Base; path = Base.lproj/Main.storyboard; sourceTree = "<group>"; };
		49DA211A1D3517F1006FE98C /* Assets.xcassets */ = {isa = PBXFileReference; lastKnownFileType = folder.assetcatalog; path = Assets.xcassets; sourceTree = "<group>"; };
		49DA211D1D3517F1006FE98C /* Base */ = {isa = PBXFileReference; lastKnownFileType = file.storyboard; name = Base; path = Base.lproj/LaunchScreen.storyboard; sourceTree = "<group>"; };
		49DA211F1D3517F1006FE98C /* Info.plist */ = {isa = PBXFileReference; lastKnownFileType = text.plist.xml; path = Info.plist; sourceTree = "<group>"; };
		49DA21241D3517F1006FE98C /* BookkeepingTests.xctest */ = {isa = PBXFileReference; explicitFileType = wrapper.cfbundle; includeInIndex = 0; path = BookkeepingTests.xctest; sourceTree = BUILT_PRODUCTS_DIR; };
		49DA21281D3517F1006FE98C /* BookkeepingTests.swift */ = {isa = PBXFileReference; lastKnownFileType = sourcecode.swift; path = BookkeepingTests.swift; sourceTree = "<group>"; };
		49DA212A1D3517F1006FE98C /* Info.plist */ = {isa = PBXFileReference; lastKnownFileType = text.plist.xml; path = Info.plist; sourceTree = "<group>"; };
		49DA212F1D3517F1006FE98C /* BookkeepingUITests.xctest */ = {isa = PBXFileReference; explicitFileType = wrapper.cfbundle; includeInIndex = 0; path = BookkeepingUITests.xctest; sourceTree = BUILT_PRODUCTS_DIR; };
		49DA21331D3517F1006FE98C /* BookkeepingUITests.swift */ = {isa = PBXFileReference; lastKnownFileType = sourcecode.swift; path = BookkeepingUITests.swift; sourceTree = "<group>"; };
		49DA21351D3517F1006FE98C /* Info.plist */ = {isa = PBXFileReference; lastKnownFileType = text.plist.xml; path = Info.plist; sourceTree = "<group>"; };
		49DA21411D351841006FE98C /* LoginView.swift */ = {isa = PBXFileReference; fileEncoding = 4; lastKnownFileType = sourcecode.swift; path = LoginView.swift; sourceTree = "<group>"; };
		5C29348492B94935D4F0AFB4 /* Pods-BookkeepingTests.debug.xcconfig */ = {isa = PBXFileReference; includeInIndex = 1; lastKnownFileType = text.xcconfig; name = "Pods-BookkeepingTests.debug.xcconfig"; path = "Pods/Target Support Files/Pods-BookkeepingTests/Pods-BookkeepingTests.debug.xcconfig"; sourceTree = "<group>"; };
		77ABA61A5FA828B3471717E4 /* Pods_BookkeepingTests.framework */ = {isa = PBXFileReference; explicitFileType = wrapper.framework; includeInIndex = 0; path = Pods_BookkeepingTests.framework; sourceTree = BUILT_PRODUCTS_DIR; };
		9FBB354D4C39865DB80A5DD7 /* Pods-Bookkeeping.debug.xcconfig */ = {isa = PBXFileReference; includeInIndex = 1; lastKnownFileType = text.xcconfig; name = "Pods-Bookkeeping.debug.xcconfig"; path = "Pods/Target Support Files/Pods-Bookkeeping/Pods-Bookkeeping.debug.xcconfig"; sourceTree = "<group>"; };
		B01745BE5B4EC473250A1393 /* Pods-BookkeepingUITests.debug.xcconfig */ = {isa = PBXFileReference; includeInIndex = 1; lastKnownFileType = text.xcconfig; name = "Pods-BookkeepingUITests.debug.xcconfig"; path = "Pods/Target Support Files/Pods-BookkeepingUITests/Pods-BookkeepingUITests.debug.xcconfig"; sourceTree = "<group>"; };
		B16696C7C29F3BBE1C0C29D5 /* Pods_BookkeepingUITests.framework */ = {isa = PBXFileReference; explicitFileType = wrapper.framework; includeInIndex = 0; path = Pods_BookkeepingUITests.framework; sourceTree = BUILT_PRODUCTS_DIR; };
		CADB4A1F5A20916D8A526531 /* Pods_Bookkeeping.framework */ = {isa = PBXFileReference; explicitFileType = wrapper.framework; includeInIndex = 0; path = Pods_Bookkeeping.framework; sourceTree = BUILT_PRODUCTS_DIR; };
		D591B98AC7B068C88E88BC0E /* Pods-Bookkeeping.release.xcconfig */ = {isa = PBXFileReference; includeInIndex = 1; lastKnownFileType = text.xcconfig; name = "Pods-Bookkeeping.release.xcconfig"; path = "Pods/Target Support Files/Pods-Bookkeeping/Pods-Bookkeeping.release.xcconfig"; sourceTree = "<group>"; };
/* End PBXFileReference section */

/* Begin PBXFrameworksBuildPhase section */
		49DA210D1D3517F1006FE98C /* Frameworks */ = {
			isa = PBXFrameworksBuildPhase;
			buildActionMask = 2147483647;
			files = (
				C643C56B84210135B3B9FE3F /* Pods_Bookkeeping.framework in Frameworks */,
			);
			runOnlyForDeploymentPostprocessing = 0;
		};
		49DA21211D3517F1006FE98C /* Frameworks */ = {
			isa = PBXFrameworksBuildPhase;
			buildActionMask = 2147483647;
			files = (
				F35C4C1527E6B80D90F849B8 /* Pods_BookkeepingTests.framework in Frameworks */,
			);
			runOnlyForDeploymentPostprocessing = 0;
		};
		49DA212C1D3517F1006FE98C /* Frameworks */ = {
			isa = PBXFrameworksBuildPhase;
			buildActionMask = 2147483647;
			files = (
				9DCAAAF2FC54737A24278508 /* Pods_BookkeepingUITests.framework in Frameworks */,
			);
			runOnlyForDeploymentPostprocessing = 0;
		};
/* End PBXFrameworksBuildPhase section */

/* Begin PBXGroup section */
		49DA21071D3517F1006FE98C = {
			isa = PBXGroup;
			children = (
				49DA21121D3517F1006FE98C /* Bookkeeping */,
				49DA21271D3517F1006FE98C /* BookkeepingTests */,
				49DA21321D3517F1006FE98C /* BookkeepingUITests */,
				49DA21111D3517F1006FE98C /* Products */,
				FDA785BC41B20766AA6523C8 /* Frameworks */,
				8FBA737D30CE3253517724EF /* Pods */,
			);
			sourceTree = "<group>";
		};
		49DA21111D3517F1006FE98C /* Products */ = {
			isa = PBXGroup;
			children = (
				49DA21101D3517F1006FE98C /* Bookkeeping.app */,
				49DA21241D3517F1006FE98C /* BookkeepingTests.xctest */,
				49DA212F1D3517F1006FE98C /* BookkeepingUITests.xctest */,
			);
			name = Products;
			sourceTree = "<group>";
		};
		49DA21121D3517F1006FE98C /* Bookkeeping */ = {
			isa = PBXGroup;
			children = (
				49DA21131D3517F1006FE98C /* AppDelegate.swift */,
				49DA21171D3517F1006FE98C /* Main.storyboard */,
				49DA211A1D3517F1006FE98C /* Assets.xcassets */,
				49DA211C1D3517F1006FE98C /* LaunchScreen.storyboard */,
				497B93E51D399312000F1A51 /* Bookkeeping-Bridging-Header.h */,
				4925B1CA1D36C095007E40B4 /* UploadReceiptView.swift */,
				49DA211F1D3517F1006FE98C /* Info.plist */,
				49DA21411D351841006FE98C /* LoginView.swift */,
				494C29721D3810FF00008D6A /* SettingsView.swift */,
				494DE44D1D38535A001EA8C7 /* SelectPurposeView.swift */,
				49196AAC1D3B10B90038E363 /* Params.swift */,
				4908E3511D49F03800558C9D /* SelectTypeView.swift */,
			);
			path = Bookkeeping;
			sourceTree = "<group>";
		};
		49DA21271D3517F1006FE98C /* BookkeepingTests */ = {
			isa = PBXGroup;
			children = (
				49DA21281D3517F1006FE98C /* BookkeepingTests.swift */,
				49DA212A1D3517F1006FE98C /* Info.plist */,
			);
			path = BookkeepingTests;
			sourceTree = "<group>";
		};
		49DA21321D3517F1006FE98C /* BookkeepingUITests */ = {
			isa = PBXGroup;
			children = (
				49DA21331D3517F1006FE98C /* BookkeepingUITests.swift */,
				49DA21351D3517F1006FE98C /* Info.plist */,
			);
			path = BookkeepingUITests;
			sourceTree = "<group>";
		};
		8FBA737D30CE3253517724EF /* Pods */ = {
			isa = PBXGroup;
			children = (
				9FBB354D4C39865DB80A5DD7 /* Pods-Bookkeeping.debug.xcconfig */,
				D591B98AC7B068C88E88BC0E /* Pods-Bookkeeping.release.xcconfig */,
				5C29348492B94935D4F0AFB4 /* Pods-BookkeepingTests.debug.xcconfig */,
				0B00944B4B85899AB765E80F /* Pods-BookkeepingTests.release.xcconfig */,
				B01745BE5B4EC473250A1393 /* Pods-BookkeepingUITests.debug.xcconfig */,
				40AB936FB4A0962A68A876E2 /* Pods-BookkeepingUITests.release.xcconfig */,
			);
			name = Pods;
			sourceTree = "<group>";
		};
		FDA785BC41B20766AA6523C8 /* Frameworks */ = {
			isa = PBXGroup;
			children = (
				491AA3DF1D42D009000470F9 /* JSONJoy.framework */,
				491AA3DD1D42D003000470F9 /* SwiftHTTP.framework */,
				49BC309C1D3EA78E000EDAD1 /* SwiftHTTP.framework */,
				CADB4A1F5A20916D8A526531 /* Pods_Bookkeeping.framework */,
				77ABA61A5FA828B3471717E4 /* Pods_BookkeepingTests.framework */,
				B16696C7C29F3BBE1C0C29D5 /* Pods_BookkeepingUITests.framework */,
			);
			name = Frameworks;
			sourceTree = "<group>";
		};
/* End PBXGroup section */

/* Begin PBXNativeTarget section */
		49DA210F1D3517F1006FE98C /* Bookkeeping */ = {
			isa = PBXNativeTarget;
			buildConfigurationList = 49DA21381D3517F1006FE98C /* Build configuration list for PBXNativeTarget "Bookkeeping" */;
			buildPhases = (
				D9F889E718B2EAE700E9DFAB /* [CP] Check Pods Manifest.lock */,
				49DA210C1D3517F1006FE98C /* Sources */,
				49DA210D1D3517F1006FE98C /* Frameworks */,
				49DA210E1D3517F1006FE98C /* Resources */,
				7D120935A806C6BCC3F26658 /* [CP] Embed Pods Frameworks */,
				37E4D30AB7656CD756E432A3 /* [CP] Copy Pods Resources */,
			);
			buildRules = (
			);
			dependencies = (
			);
			name = Bookkeeping;
			productName = Bookkeeping;
			productReference = 49DA21101D3517F1006FE98C /* Bookkeeping.app */;
			productType = "com.apple.product-type.application";
		};
		49DA21231D3517F1006FE98C /* BookkeepingTests */ = {
			isa = PBXNativeTarget;
			buildConfigurationList = 49DA213B1D3517F1006FE98C /* Build configuration list for PBXNativeTarget "BookkeepingTests" */;
			buildPhases = (
				47E2D4F43FA06F110DC82447 /* [CP] Check Pods Manifest.lock */,
				49DA21201D3517F1006FE98C /* Sources */,
				49DA21211D3517F1006FE98C /* Frameworks */,
				49DA21221D3517F1006FE98C /* Resources */,
				018274D7755D731F429193D5 /* [CP] Embed Pods Frameworks */,
				B20FF6F28BB47261E13B3F15 /* [CP] Copy Pods Resources */,
			);
			buildRules = (
			);
			dependencies = (
				49DA21261D3517F1006FE98C /* PBXTargetDependency */,
			);
			name = BookkeepingTests;
			productName = BookkeepingTests;
			productReference = 49DA21241D3517F1006FE98C /* BookkeepingTests.xctest */;
			productType = "com.apple.product-type.bundle.unit-test";
		};
		49DA212E1D3517F1006FE98C /* BookkeepingUITests */ = {
			isa = PBXNativeTarget;
			buildConfigurationList = 49DA213E1D3517F1006FE98C /* Build configuration list for PBXNativeTarget "BookkeepingUITests" */;
			buildPhases = (
				48287F9D6EF73B43C34C8A1E /* [CP] Check Pods Manifest.lock */,
				49DA212B1D3517F1006FE98C /* Sources */,
				49DA212C1D3517F1006FE98C /* Frameworks */,
				49DA212D1D3517F1006FE98C /* Resources */,
				3AC56AA4E6932564E5786C37 /* [CP] Embed Pods Frameworks */,
				BB115F36EF04D57DDDD94AD3 /* [CP] Copy Pods Resources */,
			);
			buildRules = (
			);
			dependencies = (
				49DA21311D3517F1006FE98C /* PBXTargetDependency */,
			);
			name = BookkeepingUITests;
			productName = BookkeepingUITests;
			productReference = 49DA212F1D3517F1006FE98C /* BookkeepingUITests.xctest */;
			productType = "com.apple.product-type.bundle.ui-testing";
		};
/* End PBXNativeTarget section */

/* Begin PBXProject section */
		49DA21081D3517F1006FE98C /* Project object */ = {
			isa = PBXProject;
			attributes = {
				LastSwiftUpdateCheck = 0730;
				LastUpgradeCheck = 0800;
				ORGANIZATIONNAME = "Shaurya Srivastava";
				TargetAttributes = {
					49DA210F1D3517F1006FE98C = {
						CreatedOnToolsVersion = 7.3.1;
						DevelopmentTeam = CC9N3SP5VS;
						LastSwiftMigration = 0800;
					};
					49DA21231D3517F1006FE98C = {
						CreatedOnToolsVersion = 7.3.1;
						DevelopmentTeam = CC9N3SP5VS;
						LastSwiftMigration = 0800;
						TestTargetID = 49DA210F1D3517F1006FE98C;
					};
					49DA212E1D3517F1006FE98C = {
						CreatedOnToolsVersion = 7.3.1;
						DevelopmentTeam = CC9N3SP5VS;
						LastSwiftMigration = 0800;
						TestTargetID = 49DA210F1D3517F1006FE98C;
					};
				};
			};
			buildConfigurationList = 49DA210B1D3517F1006FE98C /* Build configuration list for PBXProject "Bookkeeping" */;
			compatibilityVersion = "Xcode 3.2";
			developmentRegion = English;
			hasScannedForEncodings = 0;
			knownRegions = (
				en,
				Base,
			);
			mainGroup = 49DA21071D3517F1006FE98C;
			productRefGroup = 49DA21111D3517F1006FE98C /* Products */;
			projectDirPath = "";
			projectRoot = "";
			targets = (
				49DA210F1D3517F1006FE98C /* Bookkeeping */,
				49DA21231D3517F1006FE98C /* BookkeepingTests */,
				49DA212E1D3517F1006FE98C /* BookkeepingUITests */,
			);
		};
/* End PBXProject section */

/* Begin PBXResourcesBuildPhase section */
		49DA210E1D3517F1006FE98C /* Resources */ = {
			isa = PBXResourcesBuildPhase;
			buildActionMask = 2147483647;
			files = (
				49DA211E1D3517F1006FE98C /* LaunchScreen.storyboard in Resources */,
				49DA211B1D3517F1006FE98C /* Assets.xcassets in Resources */,
				49DA21191D3517F1006FE98C /* Main.storyboard in Resources */,
			);
			runOnlyForDeploymentPostprocessing = 0;
		};
		49DA21221D3517F1006FE98C /* Resources */ = {
			isa = PBXResourcesBuildPhase;
			buildActionMask = 2147483647;
			files = (
			);
			runOnlyForDeploymentPostprocessing = 0;
		};
		49DA212D1D3517F1006FE98C /* Resources */ = {
			isa = PBXResourcesBuildPhase;
			buildActionMask = 2147483647;
			files = (
			);
			runOnlyForDeploymentPostprocessing = 0;
		};
/* End PBXResourcesBuildPhase section */

/* Begin PBXShellScriptBuildPhase section */
		018274D7755D731F429193D5 /* [CP] Embed Pods Frameworks */ = {
			isa = PBXShellScriptBuildPhase;
			buildActionMask = 2147483647;
			files = (
			);
			inputPaths = (
			);
			name = "[CP] Embed Pods Frameworks";
			outputPaths = (
			);
			runOnlyForDeploymentPostprocessing = 0;
			shellPath = /bin/sh;
			shellScript = "\"${SRCROOT}/Pods/Target Support Files/Pods-BookkeepingTests/Pods-BookkeepingTests-frameworks.sh\"\n";
			showEnvVarsInLog = 0;
		};
		37E4D30AB7656CD756E432A3 /* [CP] Copy Pods Resources */ = {
			isa = PBXShellScriptBuildPhase;
			buildActionMask = 2147483647;
			files = (
			);
			inputPaths = (
			);
			name = "[CP] Copy Pods Resources";
			outputPaths = (
			);
			runOnlyForDeploymentPostprocessing = 0;
			shellPath = /bin/sh;
			shellScript = "\"${SRCROOT}/Pods/Target Support Files/Pods-Bookkeeping/Pods-Bookkeeping-resources.sh\"\n";
			showEnvVarsInLog = 0;
		};
		3AC56AA4E6932564E5786C37 /* [CP] Embed Pods Frameworks */ = {
			isa = PBXShellScriptBuildPhase;
			buildActionMask = 2147483647;
			files = (
			);
			inputPaths = (
			);
			name = "[CP] Embed Pods Frameworks";
			outputPaths = (
			);
			runOnlyForDeploymentPostprocessing = 0;
			shellPath = /bin/sh;
			shellScript = "\"${SRCROOT}/Pods/Target Support Files/Pods-BookkeepingUITests/Pods-BookkeepingUITests-frameworks.sh\"\n";
			showEnvVarsInLog = 0;
		};
		47E2D4F43FA06F110DC82447 /* [CP] Check Pods Manifest.lock */ = {
			isa = PBXShellScriptBuildPhase;
			buildActionMask = 2147483647;
			files = (
			);
			inputPaths = (
			);
			name = "[CP] Check Pods Manifest.lock";
			outputPaths = (
			);
			runOnlyForDeploymentPostprocessing = 0;
			shellPath = /bin/sh;
			shellScript = "diff \"${PODS_ROOT}/../Podfile.lock\" \"${PODS_ROOT}/Manifest.lock\" > /dev/null\nif [ $? != 0 ] ; then\n    # print error to STDERR\n    echo \"error: The sandbox is not in sync with the Podfile.lock. Run 'pod install' or update your CocoaPods installation.\" >&2\n    exit 1\nfi\n";
			showEnvVarsInLog = 0;
		};
		48287F9D6EF73B43C34C8A1E /* [CP] Check Pods Manifest.lock */ = {
			isa = PBXShellScriptBuildPhase;
			buildActionMask = 2147483647;
			files = (
			);
			inputPaths = (
			);
			name = "[CP] Check Pods Manifest.lock";
			outputPaths = (
			);
			runOnlyForDeploymentPostprocessing = 0;
			shellPath = /bin/sh;
			shellScript = "diff \"${PODS_ROOT}/../Podfile.lock\" \"${PODS_ROOT}/Manifest.lock\" > /dev/null\nif [ $? != 0 ] ; then\n    # print error to STDERR\n    echo \"error: The sandbox is not in sync with the Podfile.lock. Run 'pod install' or update your CocoaPods installation.\" >&2\n    exit 1\nfi\n";
			showEnvVarsInLog = 0;
		};
		7D120935A806C6BCC3F26658 /* [CP] Embed Pods Frameworks */ = {
			isa = PBXShellScriptBuildPhase;
			buildActionMask = 2147483647;
			files = (
			);
			inputPaths = (
			);
			name = "[CP] Embed Pods Frameworks";
			outputPaths = (
			);
			runOnlyForDeploymentPostprocessing = 0;
			shellPath = /bin/sh;
			shellScript = "\"${SRCROOT}/Pods/Target Support Files/Pods-Bookkeeping/Pods-Bookkeeping-frameworks.sh\"\n";
			showEnvVarsInLog = 0;
		};
		B20FF6F28BB47261E13B3F15 /* [CP] Copy Pods Resources */ = {
			isa = PBXShellScriptBuildPhase;
			buildActionMask = 2147483647;
			files = (
			);
			inputPaths = (
			);
			name = "[CP] Copy Pods Resources";
			outputPaths = (
			);
			runOnlyForDeploymentPostprocessing = 0;
			shellPath = /bin/sh;
			shellScript = "\"${SRCROOT}/Pods/Target Support Files/Pods-BookkeepingTests/Pods-BookkeepingTests-resources.sh\"\n";
			showEnvVarsInLog = 0;
		};
		BB115F36EF04D57DDDD94AD3 /* [CP] Copy Pods Resources */ = {
			isa = PBXShellScriptBuildPhase;
			buildActionMask = 2147483647;
			files = (
			);
			inputPaths = (
			);
			name = "[CP] Copy Pods Resources";
			outputPaths = (
			);
			runOnlyForDeploymentPostprocessing = 0;
			shellPath = /bin/sh;
			shellScript = "\"${SRCROOT}/Pods/Target Support Files/Pods-BookkeepingUITests/Pods-BookkeepingUITests-resources.sh\"\n";
			showEnvVarsInLog = 0;
		};
		D9F889E718B2EAE700E9DFAB /* [CP] Check Pods Manifest.lock */ = {
			isa = PBXShellScriptBuildPhase;
			buildActionMask = 2147483647;
			files = (
			);
			inputPaths = (
			);
			name = "[CP] Check Pods Manifest.lock";
			outputPaths = (
			);
			runOnlyForDeploymentPostprocessing = 0;
			shellPath = /bin/sh;
			shellScript = "diff \"${PODS_ROOT}/../Podfile.lock\" \"${PODS_ROOT}/Manifest.lock\" > /dev/null\nif [ $? != 0 ] ; then\n    # print error to STDERR\n    echo \"error: The sandbox is not in sync with the Podfile.lock. Run 'pod install' or update your CocoaPods installation.\" >&2\n    exit 1\nfi\n";
			showEnvVarsInLog = 0;
		};
/* End PBXShellScriptBuildPhase section */

/* Begin PBXSourcesBuildPhase section */
		49DA210C1D3517F1006FE98C /* Sources */ = {
			isa = PBXSourcesBuildPhase;
			buildActionMask = 2147483647;
			files = (
				494DE44E1D38535A001EA8C7 /* SelectPurposeView.swift in Sources */,
				49DA21421D351841006FE98C /* LoginView.swift in Sources */,
				4908E3521D49F03800558C9D /* SelectTypeView.swift in Sources */,
				494C29731D3810FF00008D6A /* SettingsView.swift in Sources */,
				49196AAD1D3B10B90038E363 /* Params.swift in Sources */,
				4925B1CC1D36C095007E40B4 /* UploadReceiptView.swift in Sources */,
				49DA21141D3517F1006FE98C /* AppDelegate.swift in Sources */,
			);
			runOnlyForDeploymentPostprocessing = 0;
		};
		49DA21201D3517F1006FE98C /* Sources */ = {
			isa = PBXSourcesBuildPhase;
			buildActionMask = 2147483647;
			files = (
				49DA21291D3517F1006FE98C /* BookkeepingTests.swift in Sources */,
			);
			runOnlyForDeploymentPostprocessing = 0;
		};
		49DA212B1D3517F1006FE98C /* Sources */ = {
			isa = PBXSourcesBuildPhase;
			buildActionMask = 2147483647;
			files = (
				49DA21341D3517F1006FE98C /* BookkeepingUITests.swift in Sources */,
			);
			runOnlyForDeploymentPostprocessing = 0;
		};
/* End PBXSourcesBuildPhase section */

/* Begin PBXTargetDependency section */
		49DA21261D3517F1006FE98C /* PBXTargetDependency */ = {
			isa = PBXTargetDependency;
			target = 49DA210F1D3517F1006FE98C /* Bookkeeping */;
			targetProxy = 49DA21251D3517F1006FE98C /* PBXContainerItemProxy */;
		};
		49DA21311D3517F1006FE98C /* PBXTargetDependency */ = {
			isa = PBXTargetDependency;
			target = 49DA210F1D3517F1006FE98C /* Bookkeeping */;
			targetProxy = 49DA21301D3517F1006FE98C /* PBXContainerItemProxy */;
		};
/* End PBXTargetDependency section */

/* Begin PBXVariantGroup section */
		49DA21171D3517F1006FE98C /* Main.storyboard */ = {
			isa = PBXVariantGroup;
			children = (
				49DA21181D3517F1006FE98C /* Base */,
			);
			name = Main.storyboard;
			sourceTree = "<group>";
		};
		49DA211C1D3517F1006FE98C /* LaunchScreen.storyboard */ = {
			isa = PBXVariantGroup;
			children = (
				49DA211D1D3517F1006FE98C /* Base */,
			);
			name = LaunchScreen.storyboard;
			sourceTree = "<group>";
		};
/* End PBXVariantGroup section */

/* Begin XCBuildConfiguration section */
		49DA21361D3517F1006FE98C /* Debug */ = {
			isa = XCBuildConfiguration;
			buildSettings = {
				ALWAYS_SEARCH_USER_PATHS = NO;
				CLANG_ANALYZER_NONNULL = YES;
				CLANG_CXX_LANGUAGE_STANDARD = "gnu++0x";
				CLANG_CXX_LIBRARY = "libc++";
				CLANG_ENABLE_MODULES = YES;
				CLANG_ENABLE_OBJC_ARC = YES;
				CLANG_WARN_BOOL_CONVERSION = YES;
				CLANG_WARN_CONSTANT_CONVERSION = YES;
				CLANG_WARN_DIRECT_OBJC_ISA_USAGE = YES_ERROR;
				CLANG_WARN_EMPTY_BODY = YES;
				CLANG_WARN_ENUM_CONVERSION = YES;
				CLANG_WARN_INFINITE_RECURSION = YES;
				CLANG_WARN_INT_CONVERSION = YES;
				CLANG_WARN_OBJC_ROOT_CLASS = YES_ERROR;
				CLANG_WARN_SUSPICIOUS_MOVE = YES;
				CLANG_WARN_UNREACHABLE_CODE = YES;
				CLANG_WARN__DUPLICATE_METHOD_MATCH = YES;
				"CODE_SIGN_IDENTITY[sdk=iphoneos*]" = "iPhone Developer";
				COPY_PHASE_STRIP = NO;
				DEBUG_INFORMATION_FORMAT = dwarf;
				ENABLE_STRICT_OBJC_MSGSEND = YES;
				ENABLE_TESTABILITY = YES;
				GCC_C_LANGUAGE_STANDARD = gnu99;
				GCC_DYNAMIC_NO_PIC = NO;
				GCC_NO_COMMON_BLOCKS = YES;
				GCC_OPTIMIZATION_LEVEL = 0;
				GCC_PREPROCESSOR_DEFINITIONS = (
					"DEBUG=1",
					"$(inherited)",
				);
				GCC_WARN_64_TO_32_BIT_CONVERSION = YES;
				GCC_WARN_ABOUT_RETURN_TYPE = YES_ERROR;
				GCC_WARN_UNDECLARED_SELECTOR = YES;
				GCC_WARN_UNINITIALIZED_AUTOS = YES_AGGRESSIVE;
				GCC_WARN_UNUSED_FUNCTION = YES;
				GCC_WARN_UNUSED_VARIABLE = YES;
				IPHONEOS_DEPLOYMENT_TARGET = 8.0;
				MTL_ENABLE_DEBUG_INFO = YES;
				ONLY_ACTIVE_ARCH = YES;
				SDKROOT = iphoneos;
				SWIFT_OPTIMIZATION_LEVEL = "-Onone";
				TARGETED_DEVICE_FAMILY = "1,2";
			};
			name = Debug;
		};
		49DA21371D3517F1006FE98C /* Release */ = {
			isa = XCBuildConfiguration;
			buildSettings = {
				ALWAYS_SEARCH_USER_PATHS = NO;
				CLANG_ANALYZER_NONNULL = YES;
				CLANG_CXX_LANGUAGE_STANDARD = "gnu++0x";
				CLANG_CXX_LIBRARY = "libc++";
				CLANG_ENABLE_MODULES = YES;
				CLANG_ENABLE_OBJC_ARC = YES;
				CLANG_WARN_BOOL_CONVERSION = YES;
				CLANG_WARN_CONSTANT_CONVERSION = YES;
				CLANG_WARN_DIRECT_OBJC_ISA_USAGE = YES_ERROR;
				CLANG_WARN_EMPTY_BODY = YES;
				CLANG_WARN_ENUM_CONVERSION = YES;
				CLANG_WARN_INFINITE_RECURSION = YES;
				CLANG_WARN_INT_CONVERSION = YES;
				CLANG_WARN_OBJC_ROOT_CLASS = YES_ERROR;
				CLANG_WARN_SUSPICIOUS_MOVE = YES;
				CLANG_WARN_UNREACHABLE_CODE = YES;
				CLANG_WARN__DUPLICATE_METHOD_MATCH = YES;
				"CODE_SIGN_IDENTITY[sdk=iphoneos*]" = "iPhone Developer";
				COPY_PHASE_STRIP = NO;
				DEBUG_INFORMATION_FORMAT = "dwarf-with-dsym";
				ENABLE_NS_ASSERTIONS = NO;
				ENABLE_STRICT_OBJC_MSGSEND = YES;
				GCC_C_LANGUAGE_STANDARD = gnu99;
				GCC_NO_COMMON_BLOCKS = YES;
				GCC_WARN_64_TO_32_BIT_CONVERSION = YES;
				GCC_WARN_ABOUT_RETURN_TYPE = YES_ERROR;
				GCC_WARN_UNDECLARED_SELECTOR = YES;
				GCC_WARN_UNINITIALIZED_AUTOS = YES_AGGRESSIVE;
				GCC_WARN_UNUSED_FUNCTION = YES;
				GCC_WARN_UNUSED_VARIABLE = YES;
				IPHONEOS_DEPLOYMENT_TARGET = 8.0;
				MTL_ENABLE_DEBUG_INFO = NO;
				SDKROOT = iphoneos;
				SWIFT_OPTIMIZATION_LEVEL = "-Owholemodule";
				TARGETED_DEVICE_FAMILY = "1,2";
				VALIDATE_PRODUCT = YES;
			};
			name = Release;
		};
		49DA21391D3517F1006FE98C /* Debug */ = {
			isa = XCBuildConfiguration;
			baseConfigurationReference = 9FBB354D4C39865DB80A5DD7 /* Pods-Bookkeeping.debug.xcconfig */;
			buildSettings = {
				ALWAYS_EMBED_SWIFT_STANDARD_LIBRARIES = YES;
				ASSETCATALOG_COMPILER_APPICON_NAME = AppIcon;
				CLANG_ENABLE_MODULES = YES;
				FRAMEWORK_SEARCH_PATHS = (
					"$(inherited)",
					"$(PROJECT_DIR)/build/Release-iphoneos/SwiftHTTP",
				);
				INFOPLIST_FILE = Bookkeeping/Info.plist;
				IPHONEOS_DEPLOYMENT_TARGET = 8.0;
				LD_RUNPATH_SEARCH_PATHS = "$(inherited) @executable_path/Frameworks";
				PRODUCT_BUNDLE_IDENTIFIER = com.shauryas.Bookkeeping;
				PRODUCT_NAME = "$(TARGET_NAME)";
				SWIFT_OBJC_BRIDGING_HEADER = "Bookkeeping/Bookkeeping-Bridging-Header.h";
				SWIFT_OPTIMIZATION_LEVEL = "-Onone";
				SWIFT_VERSION = 3.0;
			};
			name = Debug;
		};
		49DA213A1D3517F1006FE98C /* Release */ = {
			isa = XCBuildConfiguration;
			baseConfigurationReference = D591B98AC7B068C88E88BC0E /* Pods-Bookkeeping.release.xcconfig */;
			buildSettings = {
				ALWAYS_EMBED_SWIFT_STANDARD_LIBRARIES = YES;
				ASSETCATALOG_COMPILER_APPICON_NAME = AppIcon;
				CLANG_ENABLE_MODULES = YES;
				FRAMEWORK_SEARCH_PATHS = (
					"$(inherited)",
					"$(PROJECT_DIR)/build/Release-iphoneos/SwiftHTTP",
				);
				INFOPLIST_FILE = Bookkeeping/Info.plist;
				IPHONEOS_DEPLOYMENT_TARGET = 8.0;
				LD_RUNPATH_SEARCH_PATHS = "$(inherited) @executable_path/Frameworks";
				PRODUCT_BUNDLE_IDENTIFIER = com.shauryas.Bookkeeping;
				PRODUCT_NAME = "$(TARGET_NAME)";
				SWIFT_OBJC_BRIDGING_HEADER = "Bookkeeping/Bookkeeping-Bridging-Header.h";
				SWIFT_VERSION = 3.0;
			};
			name = Release;
		};
		49DA213C1D3517F1006FE98C /* Debug */ = {
			isa = XCBuildConfiguration;
			baseConfigurationReference = 5C29348492B94935D4F0AFB4 /* Pods-BookkeepingTests.debug.xcconfig */;
			buildSettings = {
				BUNDLE_LOADER = "$(TEST_HOST)";
				INFOPLIST_FILE = BookkeepingTests/Info.plist;
				LD_RUNPATH_SEARCH_PATHS = "$(inherited) @executable_path/Frameworks @loader_path/Frameworks";
				PRODUCT_BUNDLE_IDENTIFIER = com.shauryas.BookkeepingTests;
				PRODUCT_NAME = "$(TARGET_NAME)";
				SWIFT_VERSION = 3.0;
				TEST_HOST = "$(BUILT_PRODUCTS_DIR)/Bookkeeping.app/Bookkeeping";
			};
			name = Debug;
		};
		49DA213D1D3517F1006FE98C /* Release */ = {
			isa = XCBuildConfiguration;
			baseConfigurationReference = 0B00944B4B85899AB765E80F /* Pods-BookkeepingTests.release.xcconfig */;
			buildSettings = {
				BUNDLE_LOADER = "$(TEST_HOST)";
				INFOPLIST_FILE = BookkeepingTests/Info.plist;
				LD_RUNPATH_SEARCH_PATHS = "$(inherited) @executable_path/Frameworks @loader_path/Frameworks";
				PRODUCT_BUNDLE_IDENTIFIER = com.shauryas.BookkeepingTests;
				PRODUCT_NAME = "$(TARGET_NAME)";
				SWIFT_VERSION = 3.0;
				TEST_HOST = "$(BUILT_PRODUCTS_DIR)/Bookkeeping.app/Bookkeeping";
			};
			name = Release;
		};
		49DA213F1D3517F1006FE98C /* Debug */ = {
			isa = XCBuildConfiguration;
			baseConfigurationReference = B01745BE5B4EC473250A1393 /* Pods-BookkeepingUITests.debug.xcconfig */;
			buildSettings = {
				INFOPLIST_FILE = BookkeepingUITests/Info.plist;
				LD_RUNPATH_SEARCH_PATHS = "$(inherited) @executable_path/Frameworks @loader_path/Frameworks";
				PRODUCT_BUNDLE_IDENTIFIER = com.shauryas.BookkeepingUITests;
				PRODUCT_NAME = "$(TARGET_NAME)";
				SWIFT_VERSION = 3.0;
				TEST_TARGET_NAME = Bookkeeping;
			};
			name = Debug;
		};
		49DA21401D3517F1006FE98C /* Release */ = {
			isa = XCBuildConfiguration;
			baseConfigurationReference = 40AB936FB4A0962A68A876E2 /* Pods-BookkeepingUITests.release.xcconfig */;
			buildSettings = {
				INFOPLIST_FILE = BookkeepingUITests/Info.plist;
				LD_RUNPATH_SEARCH_PATHS = "$(inherited) @executable_path/Frameworks @loader_path/Frameworks";
				PRODUCT_BUNDLE_IDENTIFIER = com.shauryas.BookkeepingUITests;
				PRODUCT_NAME = "$(TARGET_NAME)";
				SWIFT_VERSION = 3.0;
				TEST_TARGET_NAME = Bookkeeping;
			};
			name = Release;
		};
/* End XCBuildConfiguration section */

/* Begin XCConfigurationList section */
		49DA210B1D3517F1006FE98C /* Build configuration list for PBXProject "Bookkeeping" */ = {
			isa = XCConfigurationList;
			buildConfigurations = (
				49DA21361D3517F1006FE98C /* Debug */,
				49DA21371D3517F1006FE98C /* Release */,
			);
			defaultConfigurationIsVisible = 0;
			defaultConfigurationName = Release;
		};
		49DA21381D3517F1006FE98C /* Build configuration list for PBXNativeTarget "Bookkeeping" */ = {
			isa = XCConfigurationList;
			buildConfigurations = (
				49DA21391D3517F1006FE98C /* Debug */,
				49DA213A1D3517F1006FE98C /* Release */,
			);
			defaultConfigurationIsVisible = 0;
			defaultConfigurationName = Release;
		};
		49DA213B1D3517F1006FE98C /* Build configuration list for PBXNativeTarget "BookkeepingTests" */ = {
			isa = XCConfigurationList;
			buildConfigurations = (
				49DA213C1D3517F1006FE98C /* Debug */,
				49DA213D1D3517F1006FE98C /* Release */,
			);
			defaultConfigurationIsVisible = 0;
			defaultConfigurationName = Release;
		};
		49DA213E1D3517F1006FE98C /* Build configuration list for PBXNativeTarget "BookkeepingUITests" */ = {
			isa = XCConfigurationList;
			buildConfigurations = (
				49DA213F1D3517F1006FE98C /* Debug */,
				49DA21401D3517F1006FE98C /* Release */,
			);
			defaultConfigurationIsVisible = 0;
			defaultConfigurationName = Release;
		};
/* End XCConfigurationList section */
	};
	rootObject = 49DA21081D3517F1006FE98C /* Project object */;
}
